
Microsoft Visual Studio Solution File, Format Version 12.00
# Visual Studio Version 16
VisualStudioVersion = 16.0.29806.167
MinimumVisualStudioVersion = 10.0.40219.1
Project("{FAE04EC0-301F-11D3-BF4B-00C04F79EFBC}") = "Teststand v4", "Teststand v4\Teststand v4.csproj", "{26AC2047-0708-4BD6-8496-96E137FB9090}"
EndProject
Global
	GlobalSection(SolutionConfigurationPlatforms) = preSolution
		Debug|Any CPU = Debug|Any CPU
		Release|Any CPU = Release|Any CPU
	EndGlobalSection
	GlobalSection(ProjectConfigurationPlatforms) = postSolution
		{26AC2047-0708-4BD6-8496-96E137FB9090}.Debug|Any CPU.ActiveCfg = Debug|Any CPU
		{26AC2047-0708-4BD6-8496-96E137FB9090}.Debug|Any CPU.Build.0 = Debug|Any CPU
		{26AC2047-0708-4BD6-8496-96E137FB9090}.Release|Any CPU.ActiveCfg = Release|Any CPU
		{26AC2047-0708-4BD6-8496-96E137FB9090}.Release|Any CPU.Build.0 = Release|Any CPU
	EndGlobalSection
	GlobalSection(SolutionProperties) = preSolution
		HideSolutionNode = FALSE
	EndGlobalSection
	GlobalSection(ExtensibilityGlobals) = postSolution
		SolutionGuid = {EE8593EA-FFCE-4C20-980D-5EE91EEC6798}
	EndGlobalSection
EndGlobal
